{
  "nodes": {
    "nixpkgs": {
      "locked": {
        "lastModified": 1768238284,
        "narHash": "sha256-IiqIcckTV7BFk7HR4Ph8A57JjEvFMY7FkVZ5qb+nW1I=",
        "owner": "nixos",
        "repo": "nixpkgs",
        "rev": "2cb79ad709fa3086221d56e15d2b9415cb1cdf8b",
        "type": "github"
      },
      "original": {
        "owner": "nixos",
        "repo": "nixpkgs",
        "type": "github"
      }
    },
    "root": {
      "inputs": {
        "nixpkgs": "nixpkgs"
      }
    }
  },
  "root": "root",
  "version": 7
}
